
Microsoft Visual Studio Solution File, Format Version 12.00
# Visual Studio Version 17
VisualStudioVersion = 17.5.33530.505
MinimumVisualStudioVersion = 10.0.40219.1
Project("{FAE04EC0-301F-11D3-BF4B-00C04F79EFBC}") = "UiDesktopApp2", "UiDesktopApp2.csproj", "{62134931-416F-4FF1-B09A-C6F9175043F7}"
EndProject
Global
	GlobalSection(SolutionConfigurationPlatforms) = preSolution
		Debug|Any CPU = Debug|Any CPU
		Release|Any CPU = Release|Any CPU
	EndGlobalSection
	GlobalSection(ProjectConfigurationPlatforms) = postSolution
		{62134931-416F-4FF1-B09A-C6F9175043F7}.Debug|Any CPU.ActiveCfg = Debug|Any CPU
		{62134931-416F-4FF1-B09A-C6F9175043F7}.Debug|Any CPU.Build.0 = Debug|Any CPU
		{62134931-416F-4FF1-B09A-C6F9175043F7}.Release|Any CPU.ActiveCfg = Release|Any CPU
		{62134931-416F-4FF1-B09A-C6F9175043F7}.Release|Any CPU.Build.0 = Release|Any CPU
	EndGlobalSection
	GlobalSection(SolutionProperties) = preSolution
		HideSolutionNode = FALSE
	EndGlobalSection
	GlobalSection(ExtensibilityGlobals) = postSolution
		SolutionGuid = {856A02BD-EFC5-4ABB-9DDC-6DE7325B8F0A}
	EndGlobalSection
EndGlobal
